<?xml version="1.0" encoding="UTF-8"?>
<!DOCTYPE plist PUBLIC "-//Apple//DTD PLIST 1.0//EN" "http://www.apple.com/DTDs/PropertyList-1.0.dtd">
<plist version="1.0">
<dict>
	<key>archiveVersion</key>
	<string>1</string>
	<key>classes</key>
	<dict/>
	<key>objectVersion</key>
	<string>46</string>
	<key>objects</key>
	<dict>
		<key>00CB64E3E4D8595C247471AB</key>
		<dict>
			<key>buildActionMask</key>
			<string>2147483647</string>
			<key>files</key>
			<array/>
			<key>inputPaths</key>
			<array/>
			<key>isa</key>
			<string>PBXShellScriptBuildPhase</string>
			<key>name</key>
			<string>[CP] Embed Pods Frameworks</string>
			<key>outputPaths</key>
			<array/>
			<key>runOnlyForDeploymentPostprocessing</key>
			<string>0</string>
			<key>shellPath</key>
			<string>/bin/sh</string>
			<key>shellScript</key>
			<string>"${SRCROOT}/Pods/Target Support Files/Pods-zGitLab/Pods-zGitLab-frameworks.sh"
</string>
			<key>showEnvVarsInLog</key>
			<string>0</string>
		</dict>
		<key>053AD421361694852C18B184</key>
		<dict>
			<key>buildActionMask</key>
			<string>2147483647</string>
			<key>files</key>
			<array/>
			<key>inputPaths</key>
			<array/>
			<key>isa</key>
			<string>PBXShellScriptBuildPhase</string>
			<key>name</key>
			<string>[CP] Copy Pods Resources</string>
			<key>outputPaths</key>
			<array/>
			<key>runOnlyForDeploymentPostprocessing</key>
			<string>0</string>
			<key>shellPath</key>
			<string>/bin/sh</string>
			<key>shellScript</key>
			<string>"${SRCROOT}/Pods/Target Support Files/Pods-zGitLabUITests/Pods-zGitLabUITests-resources.sh"
</string>
			<key>showEnvVarsInLog</key>
			<string>0</string>
		</dict>
		<key>081972A58F70DEB663B1261D</key>
		<dict>
			<key>fileRef</key>
			<string>1ED5A0FE27C8894513E665DE</string>
			<key>isa</key>
			<string>PBXBuildFile</string>
		</dict>
		<key>0D9193E8FFA097BA33F0F2F7</key>
		<dict>
			<key>fileRef</key>
			<string>C1ADF2670FE55AA983B4DCD4</string>
			<key>isa</key>
			<string>PBXBuildFile</string>
		</dict>
		<key>0F8D0989AF2DD3B267B2CEFD</key>
		<dict>
			<key>buildActionMask</key>
			<string>2147483647</string>
			<key>files</key>
			<array/>
			<key>inputPaths</key>
			<array/>
			<key>isa</key>
			<string>PBXShellScriptBuildPhase</string>
			<key>name</key>
			<string>[CP] Check Pods Manifest.lock</string>
			<key>outputPaths</key>
			<array/>
			<key>runOnlyForDeploymentPostprocessing</key>
			<string>0</string>
			<key>shellPath</key>
			<string>/bin/sh</string>
			<key>shellScript</key>
			<string>diff "${PODS_ROOT}/../Podfile.lock" "${PODS_ROOT}/Manifest.lock" &gt; /dev/null
if [[ $? != 0 ]] ; then
    cat &lt;&lt; EOM
error: The sandbox is not in sync with the Podfile.lock. Run 'pod install' or update your CocoaPods installation.
EOM
    exit 1
fi
</string>
			<key>showEnvVarsInLog</key>
			<string>0</string>
		</dict>
		<key>1ED5A0FE27C8894513E665DE</key>
		<dict>
			<key>explicitFileType</key>
			<string>wrapper.framework</string>
			<key>includeInIndex</key>
			<string>0</string>
			<key>isa</key>
			<string>PBXFileReference</string>
			<key>path</key>
			<string>Pods_zGitLabTests.framework</string>
			<key>sourceTree</key>
			<string>BUILT_PRODUCTS_DIR</string>
		</dict>
		<key>245DFE06AE8AA141FA5DBD8C</key>
		<dict>
			<key>includeInIndex</key>
			<string>1</string>
			<key>isa</key>
			<string>PBXFileReference</string>
			<key>lastKnownFileType</key>
			<string>text.xcconfig</string>
			<key>name</key>
			<string>Pods-zGitLabUITests.debug.xcconfig</string>
			<key>path</key>
			<string>Pods/Target Support Files/Pods-zGitLabUITests/Pods-zGitLabUITests.debug.xcconfig</string>
			<key>sourceTree</key>
			<string>&lt;group&gt;</string>
		</dict>
		<key>3053C9C80FC9FDA691AB79F2</key>
		<dict>
			<key>children</key>
			<array>
				<string>5E69BC5B1CBA099900D89B4F</string>
				<string>7A8B443E5CF9C993D04D625F</string>
				<string>C1ADF2670FE55AA983B4DCD4</string>
				<string>1ED5A0FE27C8894513E665DE</string>
				<string>89D08C1D93EBE0C1673F2A86</string>
			</array>
			<key>isa</key>
			<string>PBXGroup</string>
			<key>name</key>
			<string>Frameworks</string>
			<key>sourceTree</key>
			<string>&lt;group&gt;</string>
		</dict>
		<key>3C1241AA6FAFC4C6FB3C8C21</key>
		<dict>
			<key>includeInIndex</key>
			<string>1</string>
			<key>isa</key>
			<string>PBXFileReference</string>
			<key>lastKnownFileType</key>
			<string>text.xcconfig</string>
			<key>name</key>
			<string>Pods-zGitLabTests.release.xcconfig</string>
			<key>path</key>
			<string>Pods/Target Support Files/Pods-zGitLabTests/Pods-zGitLabTests.release.xcconfig</string>
			<key>sourceTree</key>
			<string>&lt;group&gt;</string>
		</dict>
		<key>5A3C2A455743A6EC0E3D6B5C</key>
		<dict>
			<key>buildActionMask</key>
			<string>2147483647</string>
			<key>files</key>
			<array/>
			<key>inputPaths</key>
			<array/>
			<key>isa</key>
			<string>PBXShellScriptBuildPhase</string>
			<key>name</key>
			<string>[CP] Check Pods Manifest.lock</string>
			<key>outputPaths</key>
			<array/>
			<key>runOnlyForDeploymentPostprocessing</key>
			<string>0</string>
			<key>shellPath</key>
			<string>/bin/sh</string>
			<key>shellScript</key>
			<string>diff "${PODS_ROOT}/../Podfile.lock" "${PODS_ROOT}/Manifest.lock" &gt; /dev/null
if [[ $? != 0 ]] ; then
    cat &lt;&lt; EOM
error: The sandbox is not in sync with the Podfile.lock. Run 'pod install' or update your CocoaPods installation.
EOM
    exit 1
fi
</string>
			<key>showEnvVarsInLog</key>
			<string>0</string>
		</dict>
		<key>5E1100E41CB90BC200F6EC4B</key>
		<dict>
			<key>fileEncoding</key>
			<string>4</string>
			<key>isa</key>
			<string>PBXFileReference</string>
			<key>lastKnownFileType</key>
			<string>sourcecode.swift</string>
			<key>path</key>
			<string>RepositoryViewController.swift</string>
			<key>sourceTree</key>
			<string>&lt;group&gt;</string>
		</dict>
		<key>5E1100E51CB90BC200F6EC4B</key>
		<dict>
			<key>fileRef</key>
			<string>5E1100E41CB90BC200F6EC4B</string>
			<key>isa</key>
			<string>PBXBuildFile</string>
		</dict>
		<key>5E1D818D1CB8C76800EF207D</key>
		<dict>
			<key>children</key>
			<array>
				<string>5E6145B81CB961D4003F057D</string>
				<string>5E69BC591CBA05CF00D89B4F</string>
				<string>5E6145A81CB96111003F057D</string>
				<string>5E1D81981CB8C76800EF207D</string>
				<string>5E1D81AF1CB8C76800EF207D</string>
				<string>5E1D81BA1CB8C76800EF207D</string>
				<string>5E1D81971CB8C76800EF207D</string>
				<string>3053C9C80FC9FDA691AB79F2</string>
				<string>FA20772AB0073EE33D47E5B1</string>
			</array>
			<key>isa</key>
			<string>PBXGroup</string>
			<key>sourceTree</key>
			<string>&lt;group&gt;</string>
		</dict>
		<key>5E1D818E1CB8C76800EF207D</key>
		<dict>
			<key>attributes</key>
			<dict>
				<key>LastSwiftUpdateCheck</key>
				<string>0730</string>
				<key>LastUpgradeCheck</key>
				<string>0730</string>
				<key>ORGANIZATIONNAME</key>
				<string>martinpham</string>
				<key>TargetAttributes</key>
				<dict>
					<key>5E1D81951CB8C76800EF207D</key>
					<dict>
						<key>CreatedOnToolsVersion</key>
						<string>7.3</string>
						<key>DevelopmentTeam</key>
						<string>96KNUBYJ58</string>
						<key>LastSwiftMigration</key>
						<string>0800</string>
					</dict>
					<key>5E1D81AB1CB8C76800EF207D</key>
					<dict>
						<key>CreatedOnToolsVersion</key>
						<string>7.3</string>
						<key>LastSwiftMigration</key>
						<string>0800</string>
						<key>TestTargetID</key>
						<string>5E1D81951CB8C76800EF207D</string>
					</dict>
					<key>5E1D81B61CB8C76800EF207D</key>
					<dict>
						<key>CreatedOnToolsVersion</key>
						<string>7.3</string>
						<key>LastSwiftMigration</key>
						<string>0800</string>
						<key>TestTargetID</key>
						<string>5E1D81951CB8C76800EF207D</string>
					</dict>
				</dict>
			</dict>
			<key>buildConfigurationList</key>
			<string>5E1D81911CB8C76800EF207D</string>
			<key>compatibilityVersion</key>
			<string>Xcode 3.2</string>
			<key>developmentRegion</key>
			<string>English</string>
			<key>hasScannedForEncodings</key>
			<string>0</string>
			<key>isa</key>
			<string>PBXProject</string>
			<key>knownRegions</key>
			<array>
				<string>en</string>
				<string>Base</string>
			</array>
			<key>mainGroup</key>
			<string>5E1D818D1CB8C76800EF207D</string>
			<key>productRefGroup</key>
			<string>5E1D81971CB8C76800EF207D</string>
			<key>projectDirPath</key>
			<string></string>
			<key>projectReferences</key>
			<array/>
			<key>projectRoot</key>
			<string></string>
			<key>targets</key>
			<array>
				<string>5E1D81951CB8C76800EF207D</string>
				<string>5E1D81AB1CB8C76800EF207D</string>
				<string>5E1D81B61CB8C76800EF207D</string>
			</array>
		</dict>
		<key>5E1D81911CB8C76800EF207D</key>
		<dict>
			<key>buildConfigurations</key>
			<array>
				<string>5E1D81BE1CB8C76800EF207D</string>
				<string>5E1D81BF1CB8C76800EF207D</string>
			</array>
			<key>defaultConfigurationIsVisible</key>
			<string>0</string>
			<key>defaultConfigurationName</key>
			<string>Release</string>
			<key>isa</key>
			<string>XCConfigurationList</string>
		</dict>
		<key>5E1D81921CB8C76800EF207D</key>
		<dict>
			<key>buildActionMask</key>
			<string>2147483647</string>
			<key>files</key>
			<array>
				<string>5E1D819E1CB8C76800EF207D</string>
				<string>5E1100E51CB90BC200F6EC4B</string>
				<string>5E1D819C1CB8C76800EF207D</string>
				<string>5E6145B31CB96111003F057D</string>
				<string>5E6145B41CB96111003F057D</string>
				<string>5E1D81DA1CB8DC9500EF207D</string>
				<string>5E6145B71CB96111003F057D</string>
				<string>5E1D81D81CB8DC5A00EF207D</string>
				<string>5E1D81DC1CB8DEDF00EF207D</string>
				<string>5E1D81D61CB8DC5000EF207D</string>
				<string>5E1D81D01CB8DC0F00EF207D</string>
				<string>5E1D819A1CB8C76800EF207D</string>
				<string>5E1D81D41CB8DC4300EF207D</string>
				<string>5E1D81CC1CB8D8F000EF207D</string>
				<string>5E6145B51CB96111003F057D</string>
				<string>5E6145B61CB96111003F057D</string>
			</array>
			<key>isa</key>
			<string>PBXSourcesBuildPhase</string>
			<key>runOnlyForDeploymentPostprocessing</key>
			<string>0</string>
		</dict>
		<key>5E1D81931CB8C76800EF207D</key>
		<dict>
			<key>buildActionMask</key>
			<string>2147483647</string>
			<key>files</key>
			<array>
				<string>5E69BC5C1CBA099900D89B4F</string>
				<string>0D9193E8FFA097BA33F0F2F7</string>
			</array>
			<key>isa</key>
			<string>PBXFrameworksBuildPhase</string>
			<key>runOnlyForDeploymentPostprocessing</key>
			<string>0</string>
		</dict>
		<key>5E1D81941CB8C76800EF207D</key>
		<dict>
			<key>buildActionMask</key>
			<string>2147483647</string>
			<key>files</key>
			<array>
				<string>5E1D81A61CB8C76800EF207D</string>
				<string>5E6145BA1CB9631E003F057D</string>
				<string>5E1D81A31CB8C76800EF207D</string>
				<string>5E1D81A11CB8C76800EF207D</string>
				<string>5E69BC5A1CBA05CF00D89B4F</string>
				<string>5E6145BC1CB96325003F057D</string>
			</array>
			<key>isa</key>
			<string>PBXResourcesBuildPhase</string>
			<key>runOnlyForDeploymentPostprocessing</key>
			<string>0</string>
		</dict>
		<key>5E1D81951CB8C76800EF207D</key>
		<dict>
			<key>buildConfigurationList</key>
			<string>5E1D81C01CB8C76800EF207D</string>
			<key>buildPhases</key>
			<array>
				<string>0F8D0989AF2DD3B267B2CEFD</string>
				<string>5E1D81921CB8C76800EF207D</string>
				<string>5E1D81931CB8C76800EF207D</string>
				<string>5E1D81941CB8C76800EF207D</string>
				<string>00CB64E3E4D8595C247471AB</string>
				<string>8666A1BB7F762732D1019B38</string>
			</array>
			<key>buildRules</key>
			<array/>
			<key>dependencies</key>
			<array/>
			<key>isa</key>
			<string>PBXNativeTarget</string>
			<key>name</key>
			<string>zGitLab</string>
			<key>productName</key>
			<string>zGitLab</string>
			<key>productReference</key>
			<string>5E1D81961CB8C76800EF207D</string>
			<key>productType</key>
			<string>com.apple.product-type.application</string>
		</dict>
		<key>5E1D81961CB8C76800EF207D</key>
		<dict>
			<key>explicitFileType</key>
			<string>wrapper.application</string>
			<key>includeInIndex</key>
			<string>0</string>
			<key>isa</key>
			<string>PBXFileReference</string>
			<key>path</key>
			<string>zGitLab.app</string>
			<key>sourceTree</key>
			<string>BUILT_PRODUCTS_DIR</string>
		</dict>
		<key>5E1D81971CB8C76800EF207D</key>
		<dict>
			<key>children</key>
			<array>
				<string>5E1D81961CB8C76800EF207D</string>
				<string>5E1D81AC1CB8C76800EF207D</string>
				<string>5E1D81B71CB8C76800EF207D</string>
			</array>
			<key>isa</key>
			<string>PBXGroup</string>
			<key>name</key>
			<string>Products</string>
			<key>sourceTree</key>
			<string>&lt;group&gt;</string>
		</dict>
		<key>5E1D81981CB8C76800EF207D</key>
		<dict>
			<key>children</key>
			<array>
				<string>5E1D81991CB8C76800EF207D</string>
				<string>5E1D81CB1CB8D8F000EF207D</string>
				<string>5E1100E41CB90BC200F6EC4B</string>
				<string>5E1D819B1CB8C76800EF207D</string>
				<string>5E1D819D1CB8C76800EF207D</string>
				<string>5E1D819F1CB8C76800EF207D</string>
				<string>5E1D81A21CB8C76800EF207D</string>
				<string>5E1D81A41CB8C76800EF207D</string>
				<string>5E1D81A71CB8C76800EF207D</string>
				<string>5E1D81CF1CB8DC0F00EF207D</string>
				<string>5E1D81DB1CB8DEDF00EF207D</string>
				<string>5E1D81D91CB8DC9500EF207D</string>
				<string>5E1D81D31CB8DC4300EF207D</string>
				<string>5E1D81D51CB8DC5000EF207D</string>
				<string>5E1D81D71CB8DC5A00EF207D</string>
			</array>
			<key>isa</key>
			<string>PBXGroup</string>
			<key>path</key>
			<string>zGitLab</string>
			<key>sourceTree</key>
			<string>&lt;group&gt;</string>
		</dict>
		<key>5E1D81991CB8C76800EF207D</key>
		<dict>
			<key>isa</key>
			<string>PBXFileReference</string>
			<key>lastKnownFileType</key>
			<string>sourcecode.swift</string>
			<key>path</key>
			<string>AppDelegate.swift</string>
			<key>sourceTree</key>
			<string>&lt;group&gt;</string>
		</dict>
		<key>5E1D819A1CB8C76800EF207D</key>
		<dict>
			<key>fileRef</key>
			<string>5E1D81991CB8C76800EF207D</string>
			<key>isa</key>
			<string>PBXBuildFile</string>
		</dict>
		<key>5E1D819B1CB8C76800EF207D</key>
		<dict>
			<key>isa</key>
			<string>PBXFileReference</string>
			<key>lastKnownFileType</key>
			<string>sourcecode.swift</string>
			<key>path</key>
			<string>TreeViewController.swift</string>
			<key>sourceTree</key>
			<string>&lt;group&gt;</string>
		</dict>
		<key>5E1D819C1CB8C76800EF207D</key>
		<dict>
			<key>fileRef</key>
			<string>5E1D819B1CB8C76800EF207D</string>
			<key>isa</key>
			<string>PBXBuildFile</string>
		</dict>
		<key>5E1D819D1CB8C76800EF207D</key>
		<dict>
			<key>isa</key>
			<string>PBXFileReference</string>
			<key>lastKnownFileType</key>
			<string>sourcecode.swift</string>
			<key>path</key>
			<string>FileViewController.swift</string>
			<key>sourceTree</key>
			<string>&lt;group&gt;</string>
		</dict>
		<key>5E1D819E1CB8C76800EF207D</key>
		<dict>
			<key>fileRef</key>
			<string>5E1D819D1CB8C76800EF207D</string>
			<key>isa</key>
			<string>PBXBuildFile</string>
		</dict>
		<key>5E1D819F1CB8C76800EF207D</key>
		<dict>
			<key>children</key>
			<array>
				<string>5E1D81A01CB8C76800EF207D</string>
			</array>
			<key>isa</key>
			<string>PBXVariantGroup</string>
			<key>name</key>
			<string>Main.storyboard</string>
			<key>sourceTree</key>
			<string>&lt;group&gt;</string>
		</dict>
		<key>5E1D81A01CB8C76800EF207D</key>
		<dict>
			<key>isa</key>
			<string>PBXFileReference</string>
			<key>lastKnownFileType</key>
			<string>file.storyboard</string>
			<key>name</key>
			<string>Base</string>
			<key>path</key>
			<string>Base.lproj/Main.storyboard</string>
			<key>sourceTree</key>
			<string>&lt;group&gt;</string>
		</dict>
		<key>5E1D81A11CB8C76800EF207D</key>
		<dict>
			<key>fileRef</key>
			<string>5E1D819F1CB8C76800EF207D</string>
			<key>isa</key>
			<string>PBXBuildFile</string>
		</dict>
		<key>5E1D81A21CB8C76800EF207D</key>
		<dict>
			<key>isa</key>
			<string>PBXFileReference</string>
			<key>lastKnownFileType</key>
			<string>folder.assetcatalog</string>
			<key>path</key>
			<string>Assets.xcassets</string>
			<key>sourceTree</key>
			<string>&lt;group&gt;</string>
		</dict>
		<key>5E1D81A31CB8C76800EF207D</key>
		<dict>
			<key>fileRef</key>
			<string>5E1D81A21CB8C76800EF207D</string>
			<key>isa</key>
			<string>PBXBuildFile</string>
		</dict>
		<key>5E1D81A41CB8C76800EF207D</key>
		<dict>
			<key>children</key>
			<array>
				<string>5E1D81A51CB8C76800EF207D</string>
			</array>
			<key>isa</key>
			<string>PBXVariantGroup</string>
			<key>name</key>
			<string>LaunchScreen.storyboard</string>
			<key>sourceTree</key>
			<string>&lt;group&gt;</string>
		</dict>
		<key>5E1D81A51CB8C76800EF207D</key>
		<dict>
			<key>isa</key>
			<string>PBXFileReference</string>
			<key>lastKnownFileType</key>
			<string>file.storyboard</string>
			<key>name</key>
			<string>Base</string>
			<key>path</key>
			<string>Base.lproj/LaunchScreen.storyboard</string>
			<key>sourceTree</key>
			<string>&lt;group&gt;</string>
		</dict>
		<key>5E1D81A61CB8C76800EF207D</key>
		<dict>
			<key>fileRef</key>
			<string>5E1D81A41CB8C76800EF207D</string>
			<key>isa</key>
			<string>PBXBuildFile</string>
		</dict>
		<key>5E1D81A71CB8C76800EF207D</key>
		<dict>
			<key>isa</key>
			<string>PBXFileReference</string>
			<key>lastKnownFileType</key>
			<string>text.plist.xml</string>
			<key>path</key>
			<string>Info.plist</string>
			<key>sourceTree</key>
			<string>&lt;group&gt;</string>
		</dict>
		<key>5E1D81A81CB8C76800EF207D</key>
		<dict>
			<key>buildActionMask</key>
			<string>2147483647</string>
			<key>files</key>
			<array>
				<string>5E1D81B11CB8C76800EF207D</string>
			</array>
			<key>isa</key>
			<string>PBXSourcesBuildPhase</string>
			<key>runOnlyForDeploymentPostprocessing</key>
			<string>0</string>
		</dict>
		<key>5E1D81A91CB8C76800EF207D</key>
		<dict>
			<key>buildActionMask</key>
			<string>2147483647</string>
			<key>files</key>
			<array>
				<string>081972A58F70DEB663B1261D</string>
			</array>
			<key>isa</key>
			<string>PBXFrameworksBuildPhase</string>
			<key>runOnlyForDeploymentPostprocessing</key>
			<string>0</string>
		</dict>
		<key>5E1D81AA1CB8C76800EF207D</key>
		<dict>
			<key>buildActionMask</key>
			<string>2147483647</string>
			<key>files</key>
			<array/>
			<key>isa</key>
			<string>PBXResourcesBuildPhase</string>
			<key>runOnlyForDeploymentPostprocessing</key>
			<string>0</string>
		</dict>
		<key>5E1D81AB1CB8C76800EF207D</key>
		<dict>
			<key>buildConfigurationList</key>
			<string>5E1D81C31CB8C76800EF207D</string>
			<key>buildPhases</key>
			<array>
				<string>5A3C2A455743A6EC0E3D6B5C</string>
				<string>5E1D81A81CB8C76800EF207D</string>
				<string>5E1D81A91CB8C76800EF207D</string>
				<string>5E1D81AA1CB8C76800EF207D</string>
				<string>E12C3E5814A6E9B8B2BD6121</string>
				<string>9E8B829164A0DD4084BF9A28</string>
			</array>
			<key>buildRules</key>
			<array/>
			<key>dependencies</key>
			<array>
				<string>5E1D81AE1CB8C76800EF207D</string>
			</array>
			<key>isa</key>
			<string>PBXNativeTarget</string>
			<key>name</key>
			<string>zGitLabTests</string>
			<key>productName</key>
			<string>zGitLabTests</string>
			<key>productReference</key>
			<string>5E1D81AC1CB8C76800EF207D</string>
			<key>productType</key>
			<string>com.apple.product-type.bundle.unit-test</string>
		</dict>
		<key>5E1D81AC1CB8C76800EF207D</key>
		<dict>
			<key>explicitFileType</key>
			<string>wrapper.cfbundle</string>
			<key>includeInIndex</key>
			<string>0</string>
			<key>isa</key>
			<string>PBXFileReference</string>
			<key>path</key>
			<string>zGitLabTests.xctest</string>
			<key>sourceTree</key>
			<string>BUILT_PRODUCTS_DIR</string>
		</dict>
		<key>5E1D81AD1CB8C76800EF207D</key>
		<dict>
			<key>containerPortal</key>
			<string>5E1D818E1CB8C76800EF207D</string>
			<key>isa</key>
			<string>PBXContainerItemProxy</string>
			<key>proxyType</key>
			<string>1</string>
			<key>remoteGlobalIDString</key>
			<string>5E1D81951CB8C76800EF207D</string>
			<key>remoteInfo</key>
			<string>zGitLab</string>
		</dict>
		<key>5E1D81AE1CB8C76800EF207D</key>
		<dict>
			<key>isa</key>
			<string>PBXTargetDependency</string>
			<key>target</key>
			<string>5E1D81951CB8C76800EF207D</string>
			<key>targetProxy</key>
			<string>5E1D81AD1CB8C76800EF207D</string>
		</dict>
		<key>5E1D81AF1CB8C76800EF207D</key>
		<dict>
			<key>children</key>
			<array>
				<string>5E1D81B01CB8C76800EF207D</string>
				<string>5E1D81B21CB8C76800EF207D</string>
			</array>
			<key>isa</key>
			<string>PBXGroup</string>
			<key>path</key>
			<string>zGitLabTests</string>
			<key>sourceTree</key>
			<string>&lt;group&gt;</string>
		</dict>
		<key>5E1D81B01CB8C76800EF207D</key>
		<dict>
			<key>isa</key>
			<string>PBXFileReference</string>
			<key>lastKnownFileType</key>
			<string>sourcecode.swift</string>
			<key>path</key>
			<string>zGitLabTests.swift</string>
			<key>sourceTree</key>
			<string>&lt;group&gt;</string>
		</dict>
		<key>5E1D81B11CB8C76800EF207D</key>
		<dict>
			<key>fileRef</key>
			<string>5E1D81B01CB8C76800EF207D</string>
			<key>isa</key>
			<string>PBXBuildFile</string>
		</dict>
		<key>5E1D81B21CB8C76800EF207D</key>
		<dict>
			<key>isa</key>
			<string>PBXFileReference</string>
			<key>lastKnownFileType</key>
			<string>text.plist.xml</string>
			<key>path</key>
			<string>Info.plist</string>
			<key>sourceTree</key>
			<string>&lt;group&gt;</string>
		</dict>
		<key>5E1D81B31CB8C76800EF207D</key>
		<dict>
			<key>buildActionMask</key>
			<string>2147483647</string>
			<key>files</key>
			<array>
				<string>5E1D81BC1CB8C76800EF207D</string>
			</array>
			<key>isa</key>
			<string>PBXSourcesBuildPhase</string>
			<key>runOnlyForDeploymentPostprocessing</key>
			<string>0</string>
		</dict>
		<key>5E1D81B41CB8C76800EF207D</key>
		<dict>
			<key>buildActionMask</key>
			<string>2147483647</string>
			<key>files</key>
			<array>
				<string>674605ABEE951C21F35C9D01</string>
			</array>
			<key>isa</key>
			<string>PBXFrameworksBuildPhase</string>
			<key>runOnlyForDeploymentPostprocessing</key>
			<string>0</string>
		</dict>
		<key>5E1D81B51CB8C76800EF207D</key>
		<dict>
			<key>buildActionMask</key>
			<string>2147483647</string>
			<key>files</key>
			<array/>
			<key>isa</key>
			<string>PBXResourcesBuildPhase</string>
			<key>runOnlyForDeploymentPostprocessing</key>
			<string>0</string>
		</dict>
		<key>5E1D81B61CB8C76800EF207D</key>
		<dict>
			<key>buildConfigurationList</key>
			<string>5E1D81C61CB8C76800EF207D</string>
			<key>buildPhases</key>
			<array>
				<string>E607B5CB3CF3C1CC4F77C6DA</string>
				<string>5E1D81B31CB8C76800EF207D</string>
				<string>5E1D81B41CB8C76800EF207D</string>
				<string>5E1D81B51CB8C76800EF207D</string>
				<string>053AD421361694852C18B184</string>
			</array>
			<key>buildRules</key>
			<array/>
			<key>dependencies</key>
			<array>
				<string>5E1D81B91CB8C76800EF207D</string>
			</array>
			<key>isa</key>
			<string>PBXNativeTarget</string>
			<key>name</key>
			<string>zGitLabUITests</string>
			<key>productName</key>
			<string>zGitLabUITests</string>
			<key>productReference</key>
			<string>5E1D81B71CB8C76800EF207D</string>
			<key>productType</key>
			<string>com.apple.product-type.bundle.ui-testing</string>
		</dict>
		<key>5E1D81B71CB8C76800EF207D</key>
		<dict>
			<key>explicitFileType</key>
			<string>wrapper.cfbundle</string>
			<key>includeInIndex</key>
			<string>0</string>
			<key>isa</key>
			<string>PBXFileReference</string>
			<key>path</key>
			<string>zGitLabUITests.xctest</string>
			<key>sourceTree</key>
			<string>BUILT_PRODUCTS_DIR</string>
		</dict>
		<key>5E1D81B81CB8C76800EF207D</key>
		<dict>
			<key>containerPortal</key>
			<string>5E1D818E1CB8C76800EF207D</string>
			<key>isa</key>
			<string>PBXContainerItemProxy</string>
			<key>proxyType</key>
			<string>1</string>
			<key>remoteGlobalIDString</key>
			<string>5E1D81951CB8C76800EF207D</string>
			<key>remoteInfo</key>
			<string>zGitLab</string>
		</dict>
		<key>5E1D81B91CB8C76800EF207D</key>
		<dict>
			<key>isa</key>
			<string>PBXTargetDependency</string>
			<key>target</key>
			<string>5E1D81951CB8C76800EF207D</string>
			<key>targetProxy</key>
			<string>5E1D81B81CB8C76800EF207D</string>
		</dict>
		<key>5E1D81BA1CB8C76800EF207D</key>
		<dict>
			<key>children</key>
			<array>
				<string>5E1D81BB1CB8C76800EF207D</string>
				<string>5E1D81BD1CB8C76800EF207D</string>
			</array>
			<key>isa</key>
			<string>PBXGroup</string>
			<key>path</key>
			<string>zGitLabUITests</string>
			<key>sourceTree</key>
			<string>&lt;group&gt;</string>
		</dict>
		<key>5E1D81BB1CB8C76800EF207D</key>
		<dict>
			<key>isa</key>
			<string>PBXFileReference</string>
			<key>lastKnownFileType</key>
			<string>sourcecode.swift</string>
			<key>path</key>
			<string>zGitLabUITests.swift</string>
			<key>sourceTree</key>
			<string>&lt;group&gt;</string>
		</dict>
		<key>5E1D81BC1CB8C76800EF207D</key>
		<dict>
			<key>fileRef</key>
			<string>5E1D81BB1CB8C76800EF207D</string>
			<key>isa</key>
			<string>PBXBuildFile</string>
		</dict>
		<key>5E1D81BD1CB8C76800EF207D</key>
		<dict>
			<key>isa</key>
			<string>PBXFileReference</string>
			<key>lastKnownFileType</key>
			<string>text.plist.xml</string>
			<key>path</key>
			<string>Info.plist</string>
			<key>sourceTree</key>
			<string>&lt;group&gt;</string>
		</dict>
		<key>5E1D81BE1CB8C76800EF207D</key>
		<dict>
			<key>buildSettings</key>
			<dict>
				<key>ALWAYS_SEARCH_USER_PATHS</key>
				<string>NO</string>
				<key>CLANG_ANALYZER_NONNULL</key>
				<string>YES</string>
				<key>CLANG_CXX_LANGUAGE_STANDARD</key>
				<string>gnu++0x</string>
				<key>CLANG_CXX_LIBRARY</key>
				<string>libc++</string>
				<key>CLANG_ENABLE_MODULES</key>
				<string>YES</string>
				<key>CLANG_ENABLE_OBJC_ARC</key>
				<string>YES</string>
				<key>CLANG_WARN_BOOL_CONVERSION</key>
				<string>YES</string>
				<key>CLANG_WARN_CONSTANT_CONVERSION</key>
				<string>YES</string>
				<key>CLANG_WARN_DIRECT_OBJC_ISA_USAGE</key>
				<string>YES_ERROR</string>
				<key>CLANG_WARN_EMPTY_BODY</key>
				<string>YES</string>
				<key>CLANG_WARN_ENUM_CONVERSION</key>
				<string>YES</string>
				<key>CLANG_WARN_INT_CONVERSION</key>
				<string>YES</string>
				<key>CLANG_WARN_OBJC_ROOT_CLASS</key>
				<string>YES_ERROR</string>
				<key>CLANG_WARN_UNREACHABLE_CODE</key>
				<string>YES</string>
				<key>CLANG_WARN__DUPLICATE_METHOD_MATCH</key>
				<string>YES</string>
				<key>CODE_SIGN_IDENTITY[sdk=iphoneos*]</key>
				<string>iPhone Developer</string>
				<key>COPY_PHASE_STRIP</key>
				<string>NO</string>
				<key>DEBUG_INFORMATION_FORMAT</key>
				<string>dwarf</string>
				<key>ENABLE_STRICT_OBJC_MSGSEND</key>
				<string>YES</string>
				<key>ENABLE_TESTABILITY</key>
				<string>YES</string>
				<key>GCC_C_LANGUAGE_STANDARD</key>
				<string>gnu99</string>
				<key>GCC_DYNAMIC_NO_PIC</key>
				<string>NO</string>
				<key>GCC_NO_COMMON_BLOCKS</key>
				<string>YES</string>
				<key>GCC_OPTIMIZATION_LEVEL</key>
				<string>0</string>
				<key>GCC_PREPROCESSOR_DEFINITIONS</key>
				<array>
					<string>DEBUG=1</string>
					<string>$(inherited)</string>
				</array>
				<key>GCC_WARN_64_TO_32_BIT_CONVERSION</key>
				<string>YES</string>
				<key>GCC_WARN_ABOUT_RETURN_TYPE</key>
				<string>YES_ERROR</string>
				<key>GCC_WARN_UNDECLARED_SELECTOR</key>
				<string>YES</string>
				<key>GCC_WARN_UNINITIALIZED_AUTOS</key>
				<string>YES_AGGRESSIVE</string>
				<key>GCC_WARN_UNUSED_FUNCTION</key>
				<string>YES</string>
				<key>GCC_WARN_UNUSED_VARIABLE</key>
				<string>YES</string>
				<key>IPHONEOS_DEPLOYMENT_TARGET</key>
				<string>9.3</string>
				<key>MTL_ENABLE_DEBUG_INFO</key>
				<string>YES</string>
				<key>ONLY_ACTIVE_ARCH</key>
				<string>YES</string>
				<key>SDKROOT</key>
				<string>iphoneos</string>
				<key>SWIFT_OPTIMIZATION_LEVEL</key>
				<string>-Onone</string>
				<key>TARGETED_DEVICE_FAMILY</key>
				<string>1,2</string>
			</dict>
			<key>isa</key>
			<string>XCBuildConfiguration</string>
			<key>name</key>
			<string>Debug</string>
		</dict>
		<key>5E1D81BF1CB8C76800EF207D</key>
		<dict>
			<key>buildSettings</key>
			<dict>
				<key>ALWAYS_SEARCH_USER_PATHS</key>
				<string>NO</string>
				<key>CLANG_ANALYZER_NONNULL</key>
				<string>YES</string>
				<key>CLANG_CXX_LANGUAGE_STANDARD</key>
				<string>gnu++0x</string>
				<key>CLANG_CXX_LIBRARY</key>
				<string>libc++</string>
				<key>CLANG_ENABLE_MODULES</key>
				<string>YES</string>
				<key>CLANG_ENABLE_OBJC_ARC</key>
				<string>YES</string>
				<key>CLANG_WARN_BOOL_CONVERSION</key>
				<string>YES</string>
				<key>CLANG_WARN_CONSTANT_CONVERSION</key>
				<string>YES</string>
				<key>CLANG_WARN_DIRECT_OBJC_ISA_USAGE</key>
				<string>YES_ERROR</string>
				<key>CLANG_WARN_EMPTY_BODY</key>
				<string>YES</string>
				<key>CLANG_WARN_ENUM_CONVERSION</key>
				<string>YES</string>
				<key>CLANG_WARN_INT_CONVERSION</key>
				<string>YES</string>
				<key>CLANG_WARN_OBJC_ROOT_CLASS</key>
				<string>YES_ERROR</string>
				<key>CLANG_WARN_UNREACHABLE_CODE</key>
				<string>YES</string>
				<key>CLANG_WARN__DUPLICATE_METHOD_MATCH</key>
				<string>YES</string>
				<key>CODE_SIGN_IDENTITY[sdk=iphoneos*]</key>
				<string>iPhone Developer</string>
				<key>COPY_PHASE_STRIP</key>
				<string>NO</string>
				<key>DEBUG_INFORMATION_FORMAT</key>
				<string>dwarf-with-dsym</string>
				<key>ENABLE_NS_ASSERTIONS</key>
				<string>NO</string>
				<key>ENABLE_STRICT_OBJC_MSGSEND</key>
				<string>YES</string>
				<key>GCC_C_LANGUAGE_STANDARD</key>
				<string>gnu99</string>
				<key>GCC_NO_COMMON_BLOCKS</key>
				<string>YES</string>
				<key>GCC_WARN_64_TO_32_BIT_CONVERSION</key>
				<string>YES</string>
				<key>GCC_WARN_ABOUT_RETURN_TYPE</key>
				<string>YES_ERROR</string>
				<key>GCC_WARN_UNDECLARED_SELECTOR</key>
				<string>YES</string>
				<key>GCC_WARN_UNINITIALIZED_AUTOS</key>
				<string>YES_AGGRESSIVE</string>
				<key>GCC_WARN_UNUSED_FUNCTION</key>
				<string>YES</string>
				<key>GCC_WARN_UNUSED_VARIABLE</key>
				<string>YES</string>
				<key>IPHONEOS_DEPLOYMENT_TARGET</key>
				<string>9.3</string>
				<key>MTL_ENABLE_DEBUG_INFO</key>
				<string>NO</string>
				<key>SDKROOT</key>
				<string>iphoneos</string>
				<key>TARGETED_DEVICE_FAMILY</key>
				<string>1,2</string>
				<key>VALIDATE_PRODUCT</key>
				<string>YES</string>
			</dict>
			<key>isa</key>
			<string>XCBuildConfiguration</string>
			<key>name</key>
			<string>Release</string>
		</dict>
		<key>5E1D81C01CB8C76800EF207D</key>
		<dict>
			<key>buildConfigurations</key>
			<array>
				<string>5E1D81C11CB8C76800EF207D</string>
				<string>5E1D81C21CB8C76800EF207D</string>
			</array>
			<key>defaultConfigurationIsVisible</key>
			<string>0</string>
			<key>defaultConfigurationName</key>
			<string>Release</string>
			<key>isa</key>
			<string>XCConfigurationList</string>
		</dict>
		<key>5E1D81C11CB8C76800EF207D</key>
		<dict>
			<key>baseConfigurationReference</key>
			<string>EA957265583D164013CFC8EE</string>
			<key>buildSettings</key>
			<dict>
				<key>ASSETCATALOG_COMPILER_APPICON_NAME</key>
				<string>AppIcon</string>
				<key>CODE_SIGN_IDENTITY</key>
				<string>iPhone Developer</string>
				<key>CODE_SIGN_IDENTITY[sdk=iphoneos*]</key>
				<string>iPhone Developer</string>
				<key>INFOPLIST_FILE</key>
				<string>zGitLab/Info.plist</string>
				<key>IPHONEOS_DEPLOYMENT_TARGET</key>
				<string>8.0</string>
				<key>LD_RUNPATH_SEARCH_PATHS</key>
				<string>$(inherited) @executable_path/Frameworks</string>
				<key>PRODUCT_BUNDLE_IDENTIFIER</key>
				<string>com.martinpham.zGitLab</string>
				<key>PRODUCT_NAME</key>
				<string>$(TARGET_NAME)</string>
				<key>PROVISIONING_PROFILE</key>
				<string></string>
				<key>SWIFT_OBJC_BRIDGING_HEADER</key>
				<string>zGitLab-Bridging-Header.h</string>
				<key>SWIFT_VERSION</key>
				<string>3.0</string>
			</dict>
			<key>isa</key>
			<string>XCBuildConfiguration</string>
			<key>name</key>
			<string>Debug</string>
		</dict>
		<key>5E1D81C21CB8C76800EF207D</key>
		<dict>
			<key>baseConfigurationReference</key>
			<string>8840D8AABE809D37048642F0</string>
			<key>buildSettings</key>
			<dict>
				<key>ASSETCATALOG_COMPILER_APPICON_NAME</key>
				<string>AppIcon</string>
				<key>CODE_SIGN_IDENTITY</key>
				<string>iPhone Developer</string>
				<key>CODE_SIGN_IDENTITY[sdk=iphoneos*]</key>
				<string>iPhone Developer</string>
				<key>INFOPLIST_FILE</key>
				<string>zGitLab/Info.plist</string>
				<key>IPHONEOS_DEPLOYMENT_TARGET</key>
				<string>8.0</string>
				<key>LD_RUNPATH_SEARCH_PATHS</key>
				<string>$(inherited) @executable_path/Frameworks</string>
				<key>PRODUCT_BUNDLE_IDENTIFIER</key>
				<string>com.martinpham.zGitLab</string>
				<key>PRODUCT_NAME</key>
				<string>$(TARGET_NAME)</string>
				<key>PROVISIONING_PROFILE</key>
				<string></string>
				<key>SWIFT_OBJC_BRIDGING_HEADER</key>
				<string>zGitLab-Bridging-Header.h</string>
				<key>SWIFT_VERSION</key>
				<string>3.0</string>
			</dict>
			<key>isa</key>
			<string>XCBuildConfiguration</string>
			<key>name</key>
			<string>Release</string>
		</dict>
		<key>5E1D81C31CB8C76800EF207D</key>
		<dict>
			<key>buildConfigurations</key>
			<array>
				<string>5E1D81C41CB8C76800EF207D</string>
				<string>5E1D81C51CB8C76800EF207D</string>
			</array>
			<key>defaultConfigurationIsVisible</key>
			<string>0</string>
			<key>defaultConfigurationName</key>
			<string>Release</string>
			<key>isa</key>
			<string>XCConfigurationList</string>
		</dict>
		<key>5E1D81C41CB8C76800EF207D</key>
		<dict>
			<key>baseConfigurationReference</key>
			<string>BA52FE33942B84A689A01D0E</string>
			<key>buildSettings</key>
			<dict>
				<key>BUNDLE_LOADER</key>
				<string>$(TEST_HOST)</string>
				<key>INFOPLIST_FILE</key>
				<string>zGitLabTests/Info.plist</string>
				<key>LD_RUNPATH_SEARCH_PATHS</key>
				<string>$(inherited) @executable_path/Frameworks @loader_path/Frameworks</string>
				<key>PRODUCT_BUNDLE_IDENTIFIER</key>
				<string>com.martinpham.zGitLabTests</string>
				<key>PRODUCT_NAME</key>
				<string>$(TARGET_NAME)</string>
				<key>SWIFT_VERSION</key>
				<string>3.0</string>
				<key>TEST_HOST</key>
				<string>$(BUILT_PRODUCTS_DIR)/zGitLab.app/zGitLab</string>
			</dict>
			<key>isa</key>
			<string>XCBuildConfiguration</string>
			<key>name</key>
			<string>Debug</string>
		</dict>
		<key>5E1D81C51CB8C76800EF207D</key>
		<dict>
			<key>baseConfigurationReference</key>
			<string>3C1241AA6FAFC4C6FB3C8C21</string>
			<key>buildSettings</key>
			<dict>
				<key>BUNDLE_LOADER</key>
				<string>$(TEST_HOST)</string>
				<key>INFOPLIST_FILE</key>
				<string>zGitLabTests/Info.plist</string>
				<key>LD_RUNPATH_SEARCH_PATHS</key>
				<string>$(inherited) @executable_path/Frameworks @loader_path/Frameworks</string>
				<key>PRODUCT_BUNDLE_IDENTIFIER</key>
				<string>com.martinpham.zGitLabTests</string>
				<key>PRODUCT_NAME</key>
				<string>$(TARGET_NAME)</string>
				<key>SWIFT_VERSION</key>
				<string>3.0</string>
				<key>TEST_HOST</key>
				<string>$(BUILT_PRODUCTS_DIR)/zGitLab.app/zGitLab</string>
			</dict>
			<key>isa</key>
			<string>XCBuildConfiguration</string>
			<key>name</key>
			<string>Release</string>
		</dict>
		<key>5E1D81C61CB8C76800EF207D</key>
		<dict>
			<key>buildConfigurations</key>
			<array>
				<string>5E1D81C71CB8C76800EF207D</string>
				<string>5E1D81C81CB8C76800EF207D</string>
			</array>
			<key>defaultConfigurationIsVisible</key>
			<string>0</string>
			<key>defaultConfigurationName</key>
			<string>Release</string>
			<key>isa</key>
			<string>XCConfigurationList</string>
		</dict>
		<key>5E1D81C71CB8C76800EF207D</key>
		<dict>
			<key>baseConfigurationReference</key>
			<string>245DFE06AE8AA141FA5DBD8C</string>
			<key>buildSettings</key>
			<dict>
				<key>INFOPLIST_FILE</key>
				<string>zGitLabUITests/Info.plist</string>
				<key>LD_RUNPATH_SEARCH_PATHS</key>
				<string>$(inherited) @executable_path/Frameworks @loader_path/Frameworks</string>
				<key>PRODUCT_BUNDLE_IDENTIFIER</key>
				<string>com.martinpham.zGitLabUITests</string>
				<key>PRODUCT_NAME</key>
				<string>$(TARGET_NAME)</string>
				<key>SWIFT_VERSION</key>
				<string>3.0</string>
				<key>TEST_TARGET_NAME</key>
				<string>zGitLab</string>
			</dict>
			<key>isa</key>
			<string>XCBuildConfiguration</string>
			<key>name</key>
			<string>Debug</string>
		</dict>
		<key>5E1D81C81CB8C76800EF207D</key>
		<dict>
			<key>baseConfigurationReference</key>
			<string>8E02906FA19E593071024767</string>
			<key>buildSettings</key>
			<dict>
				<key>INFOPLIST_FILE</key>
				<string>zGitLabUITests/Info.plist</string>
				<key>LD_RUNPATH_SEARCH_PATHS</key>
				<string>$(inherited) @executable_path/Frameworks @loader_path/Frameworks</string>
				<key>PRODUCT_BUNDLE_IDENTIFIER</key>
				<string>com.martinpham.zGitLabUITests</string>
				<key>PRODUCT_NAME</key>
				<string>$(TARGET_NAME)</string>
				<key>SWIFT_VERSION</key>
				<string>3.0</string>
				<key>TEST_TARGET_NAME</key>
				<string>zGitLab</string>
			</dict>
			<key>isa</key>
			<string>XCBuildConfiguration</string>
			<key>name</key>
			<string>Release</string>
		</dict>
		<key>5E1D81CB1CB8D8F000EF207D</key>
		<dict>
			<key>fileEncoding</key>
			<string>4</string>
			<key>isa</key>
			<string>PBXFileReference</string>
			<key>lastKnownFileType</key>
			<string>sourcecode.swift</string>
			<key>path</key>
			<string>MainViewController.swift</string>
			<key>sourceTree</key>
			<string>&lt;group&gt;</string>
		</dict>
		<key>5E1D81CC1CB8D8F000EF207D</key>
		<dict>
			<key>fileRef</key>
			<string>5E1D81CB1CB8D8F000EF207D</string>
			<key>isa</key>
			<string>PBXBuildFile</string>
		</dict>
		<key>5E1D81CF1CB8DC0F00EF207D</key>
		<dict>
			<key>fileEncoding</key>
			<string>4</string>
			<key>isa</key>
			<string>PBXFileReference</string>
			<key>lastKnownFileType</key>
			<string>sourcecode.swift</string>
			<key>path</key>
			<string>Repository.swift</string>
			<key>sourceTree</key>
			<string>&lt;group&gt;</string>
		</dict>
		<key>5E1D81D01CB8DC0F00EF207D</key>
		<dict>
			<key>fileRef</key>
			<string>5E1D81CF1CB8DC0F00EF207D</string>
			<key>isa</key>
			<string>PBXBuildFile</string>
		</dict>
		<key>5E1D81D31CB8DC4300EF207D</key>
		<dict>
			<key>fileEncoding</key>
			<string>4</string>
			<key>isa</key>
			<string>PBXFileReference</string>
			<key>lastKnownFileType</key>
			<string>sourcecode.swift</string>
			<key>path</key>
			<string>Item.swift</string>
			<key>sourceTree</key>
			<string>&lt;group&gt;</string>
		</dict>
		<key>5E1D81D41CB8DC4300EF207D</key>
		<dict>
			<key>fileRef</key>
			<string>5E1D81D31CB8DC4300EF207D</string>
			<key>isa</key>
			<string>PBXBuildFile</string>
		</dict>
		<key>5E1D81D51CB8DC5000EF207D</key>
		<dict>
			<key>fileEncoding</key>
			<string>4</string>
			<key>isa</key>
			<string>PBXFileReference</string>
			<key>lastKnownFileType</key>
			<string>sourcecode.swift</string>
			<key>path</key>
			<string>FileItem.swift</string>
			<key>sourceTree</key>
			<string>&lt;group&gt;</string>
		</dict>
		<key>5E1D81D61CB8DC5000EF207D</key>
		<dict>
			<key>fileRef</key>
			<string>5E1D81D51CB8DC5000EF207D</string>
			<key>isa</key>
			<string>PBXBuildFile</string>
		</dict>
		<key>5E1D81D71CB8DC5A00EF207D</key>
		<dict>
			<key>fileEncoding</key>
			<string>4</string>
			<key>isa</key>
			<string>PBXFileReference</string>
			<key>lastKnownFileType</key>
			<string>sourcecode.swift</string>
			<key>path</key>
			<string>DirectoryItem.swift</string>
			<key>sourceTree</key>
			<string>&lt;group&gt;</string>
		</dict>
		<key>5E1D81D81CB8DC5A00EF207D</key>
		<dict>
			<key>fileRef</key>
			<string>5E1D81D71CB8DC5A00EF207D</string>
			<key>isa</key>
			<string>PBXBuildFile</string>
		</dict>
		<key>5E1D81D91CB8DC9500EF207D</key>
		<dict>
			<key>fileEncoding</key>
			<string>4</string>
			<key>isa</key>
			<string>PBXFileReference</string>
			<key>lastKnownFileType</key>
			<string>sourcecode.swift</string>
			<key>path</key>
			<string>Config.swift</string>
			<key>sourceTree</key>
			<string>&lt;group&gt;</string>
		</dict>
		<key>5E1D81DA1CB8DC9500EF207D</key>
		<dict>
			<key>fileRef</key>
			<string>5E1D81D91CB8DC9500EF207D</string>
			<key>isa</key>
			<string>PBXBuildFile</string>
		</dict>
		<key>5E1D81DB1CB8DEDF00EF207D</key>
		<dict>
			<key>fileEncoding</key>
			<string>4</string>
			<key>isa</key>
			<string>PBXFileReference</string>
			<key>lastKnownFileType</key>
			<string>sourcecode.swift</string>
			<key>path</key>
			<string>API.swift</string>
			<key>sourceTree</key>
			<string>&lt;group&gt;</string>
		</dict>
		<key>5E1D81DC1CB8DEDF00EF207D</key>
		<dict>
			<key>fileRef</key>
			<string>5E1D81DB1CB8DEDF00EF207D</string>
			<key>isa</key>
			<string>PBXBuildFile</string>
		</dict>
		<key>5E6145A81CB96111003F057D</key>
		<dict>
			<key>children</key>
			<array>
				<string>5E6145A91CB96111003F057D</string>
				<string>5E6145AA1CB96111003F057D</string>
				<string>5E6145AB1CB96111003F057D</string>
				<string>5E6145AC1CB96111003F057D</string>
				<string>5E6145AD1CB96111003F057D</string>
				<string>5E6145AE1CB96111003F057D</string>
				<string>5E6145AF1CB96111003F057D</string>
				<string>5E6145B01CB96111003F057D</string>
				<string>5E6145B11CB96111003F057D</string>
				<string>5E6145B21CB96111003F057D</string>
				<string>5E6145B91CB9631E003F057D</string>
				<string>5E6145BB1CB96325003F057D</string>
			</array>
			<key>isa</key>
			<string>PBXGroup</string>
			<key>name</key>
			<string>RPSyntaxHighlighter</string>
			<key>path</key>
			<string>zGitLab/RPSyntaxHighlighter</string>
			<key>sourceTree</key>
			<string>&lt;group&gt;</string>
		</dict>
		<key>5E6145A91CB96111003F057D</key>
		<dict>
			<key>fileEncoding</key>
			<string>4</string>
			<key>isa</key>
			<string>PBXFileReference</string>
			<key>lastKnownFileType</key>
			<string>sourcecode.c.h</string>
			<key>path</key>
			<string>RPScopedMatch.h</string>
			<key>sourceTree</key>
			<string>&lt;group&gt;</string>
		</dict>
		<key>5E6145AA1CB96111003F057D</key>
		<dict>
			<key>fileEncoding</key>
			<string>4</string>
			<key>isa</key>
			<string>PBXFileReference</string>
			<key>lastKnownFileType</key>
			<string>sourcecode.c.objc</string>
			<key>path</key>
			<string>RPScopedMatch.m</string>
			<key>sourceTree</key>
			<string>&lt;group&gt;</string>
		</dict>
		<key>5E6145AB1CB96111003F057D</key>
		<dict>
			<key>fileEncoding</key>
			<string>4</string>
			<key>isa</key>
			<string>PBXFileReference</string>
			<key>lastKnownFileType</key>
			<string>sourcecode.c.h</string>
			<key>path</key>
			<string>RPSyntaxHighlighter.h</string>
			<key>sourceTree</key>
			<string>&lt;group&gt;</string>
		</dict>
		<key>5E6145AC1CB96111003F057D</key>
		<dict>
			<key>fileEncoding</key>
			<string>4</string>
			<key>isa</key>
			<string>PBXFileReference</string>
			<key>lastKnownFileType</key>
			<string>sourcecode.c.objc</string>
			<key>path</key>
			<string>RPSyntaxHighlighter.m</string>
			<key>sourceTree</key>
			<string>&lt;group&gt;</string>
		</dict>
		<key>5E6145AD1CB96111003F057D</key>
		<dict>
			<key>fileEncoding</key>
			<string>4</string>
			<key>isa</key>
			<string>PBXFileReference</string>
			<key>lastKnownFileType</key>
			<string>sourcecode.c.h</string>
			<key>path</key>
			<string>RPSyntaxMatcher.h</string>
			<key>sourceTree</key>
			<string>&lt;group&gt;</string>
		</dict>
		<key>5E6145AE1CB96111003F057D</key>
		<dict>
			<key>fileEncoding</key>
			<string>4</string>
			<key>isa</key>
			<string>PBXFileReference</string>
			<key>lastKnownFileType</key>
			<string>sourcecode.c.objc</string>
			<key>path</key>
			<string>RPSyntaxMatcher.m</string>
			<key>sourceTree</key>
			<string>&lt;group&gt;</string>
		</dict>
		<key>5E6145AF1CB96111003F057D</key>
		<dict>
			<key>fileEncoding</key>
			<string>4</string>
			<key>isa</key>
			<string>PBXFileReference</string>
			<key>lastKnownFileType</key>
			<string>sourcecode.c.h</string>
			<key>path</key>
			<string>RPSyntaxTheme.h</string>
			<key>sourceTree</key>
			<string>&lt;group&gt;</string>
		</dict>
		<key>5E6145B01CB96111003F057D</key>
		<dict>
			<key>fileEncoding</key>
			<string>4</string>
			<key>isa</key>
			<string>PBXFileReference</string>
			<key>lastKnownFileType</key>
			<string>sourcecode.c.objc</string>
			<key>path</key>
			<string>RPSyntaxTheme.m</string>
			<key>sourceTree</key>
			<string>&lt;group&gt;</string>
		</dict>
		<key>5E6145B11CB96111003F057D</key>
		<dict>
			<key>fileEncoding</key>
			<string>4</string>
			<key>isa</key>
			<string>PBXFileReference</string>
			<key>lastKnownFileType</key>
			<string>sourcecode.c.h</string>
			<key>path</key>
			<string>UIColor+RPSyntaxAdditions.h</string>
			<key>sourceTree</key>
			<string>&lt;group&gt;</string>
		</dict>
		<key>5E6145B21CB96111003F057D</key>
		<dict>
			<key>fileEncoding</key>
			<string>4</string>
			<key>isa</key>
			<string>PBXFileReference</string>
			<key>lastKnownFileType</key>
			<string>sourcecode.c.objc</string>
			<key>path</key>
			<string>UIColor+RPSyntaxAdditions.m</string>
			<key>sourceTree</key>
			<string>&lt;group&gt;</string>
		</dict>
		<key>5E6145B31CB96111003F057D</key>
		<dict>
			<key>fileRef</key>
			<string>5E6145AA1CB96111003F057D</string>
			<key>isa</key>
			<string>PBXBuildFile</string>
		</dict>
		<key>5E6145B41CB96111003F057D</key>
		<dict>
			<key>fileRef</key>
			<string>5E6145AC1CB96111003F057D</string>
			<key>isa</key>
			<string>PBXBuildFile</string>
		</dict>
		<key>5E6145B51CB96111003F057D</key>
		<dict>
			<key>fileRef</key>
			<string>5E6145AE1CB96111003F057D</string>
			<key>isa</key>
			<string>PBXBuildFile</string>
		</dict>
		<key>5E6145B61CB96111003F057D</key>
		<dict>
			<key>fileRef</key>
			<string>5E6145B01CB96111003F057D</string>
			<key>isa</key>
			<string>PBXBuildFile</string>
		</dict>
		<key>5E6145B71CB96111003F057D</key>
		<dict>
			<key>fileRef</key>
			<string>5E6145B21CB96111003F057D</string>
			<key>isa</key>
			<string>PBXBuildFile</string>
		</dict>
		<key>5E6145B81CB961D4003F057D</key>
		<dict>
			<key>isa</key>
			<string>PBXFileReference</string>
			<key>lastKnownFileType</key>
			<string>sourcecode.c.h</string>
			<key>path</key>
			<string>zGitLab-Bridging-Header.h</string>
			<key>sourceTree</key>
			<string>&lt;group&gt;</string>
		</dict>
		<key>5E6145B91CB9631E003F057D</key>
		<dict>
			<key>fileEncoding</key>
			<string>4</string>
			<key>isa</key>
			<string>PBXFileReference</string>
			<key>lastKnownFileType</key>
			<string>text.json</string>
			<key>path</key>
			<string>generic.json</string>
			<key>sourceTree</key>
			<string>&lt;group&gt;</string>
		</dict>
		<key>5E6145BA1CB9631E003F057D</key>
		<dict>
			<key>fileRef</key>
			<string>5E6145B91CB9631E003F057D</string>
			<key>isa</key>
			<string>PBXBuildFile</string>
		</dict>
		<key>5E6145BB1CB96325003F057D</key>
		<dict>
			<key>fileEncoding</key>
			<string>4</string>
			<key>isa</key>
			<string>PBXFileReference</string>
			<key>lastKnownFileType</key>
			<string>text.json</string>
			<key>path</key>
			<string>tomorrow-night.json</string>
			<key>sourceTree</key>
			<string>&lt;group&gt;</string>
		</dict>
		<key>5E6145BC1CB96325003F057D</key>
		<dict>
			<key>fileRef</key>
			<string>5E6145BB1CB96325003F057D</string>
			<key>isa</key>
			<string>PBXBuildFile</string>
		</dict>
		<key>5E69BC591CBA05CF00D89B4F</key>
		<dict>
			<key>isa</key>
			<string>PBXFileReference</string>
			<key>lastKnownFileType</key>
			<string>folder</string>
			<key>name</key>
			<string>codemirror</string>
			<key>path</key>
			<string>zGitLab/codemirror</string>
			<key>sourceTree</key>
			<string>&lt;group&gt;</string>
		</dict>
		<key>5E69BC5A1CBA05CF00D89B4F</key>
		<dict>
			<key>fileRef</key>
			<string>5E69BC591CBA05CF00D89B4F</string>
			<key>isa</key>
			<string>PBXBuildFile</string>
		</dict>
		<key>5E69BC5B1CBA099900D89B4F</key>
		<dict>
			<key>isa</key>
			<string>PBXFileReference</string>
			<key>lastKnownFileType</key>
			<string>wrapper.framework</string>
			<key>name</key>
			<string>WebKit.framework</string>
			<key>path</key>
			<string>System/Library/Frameworks/WebKit.framework</string>
			<key>sourceTree</key>
			<string>SDKROOT</string>
		</dict>
		<key>5E69BC5C1CBA099900D89B4F</key>
		<dict>
			<key>fileRef</key>
			<string>5E69BC5B1CBA099900D89B4F</string>
			<key>isa</key>
			<string>PBXBuildFile</string>
		</dict>
		<key>674605ABEE951C21F35C9D01</key>
		<dict>
			<key>fileRef</key>
			<string>89D08C1D93EBE0C1673F2A86</string>
			<key>isa</key>
			<string>PBXBuildFile</string>
		</dict>
		<key>7A8B443E5CF9C993D04D625F</key>
		<dict>
			<key>explicitFileType</key>
			<string>wrapper.framework</string>
			<key>includeInIndex</key>
			<string>0</string>
			<key>isa</key>
			<string>PBXFileReference</string>
			<key>path</key>
			<string>Pods.framework</string>
			<key>sourceTree</key>
			<string>BUILT_PRODUCTS_DIR</string>
		</dict>
		<key>8666A1BB7F762732D1019B38</key>
		<dict>
			<key>buildActionMask</key>
			<string>2147483647</string>
			<key>files</key>
			<array/>
			<key>inputPaths</key>
			<array/>
			<key>isa</key>
			<string>PBXShellScriptBuildPhase</string>
			<key>name</key>
			<string>[CP] Copy Pods Resources</string>
			<key>outputPaths</key>
			<array/>
			<key>runOnlyForDeploymentPostprocessing</key>
			<string>0</string>
			<key>shellPath</key>
			<string>/bin/sh</string>
			<key>shellScript</key>
			<string>"${SRCROOT}/Pods/Target Support Files/Pods-zGitLab/Pods-zGitLab-resources.sh"
</string>
			<key>showEnvVarsInLog</key>
			<string>0</string>
		</dict>
		<key>8840D8AABE809D37048642F0</key>
		<dict>
			<key>includeInIndex</key>
			<string>1</string>
			<key>isa</key>
			<string>PBXFileReference</string>
			<key>lastKnownFileType</key>
			<string>text.xcconfig</string>
			<key>name</key>
			<string>Pods-zGitLab.release.xcconfig</string>
			<key>path</key>
			<string>Pods/Target Support Files/Pods-zGitLab/Pods-zGitLab.release.xcconfig</string>
			<key>sourceTree</key>
			<string>&lt;group&gt;</string>
		</dict>
		<key>89D08C1D93EBE0C1673F2A86</key>
		<dict>
			<key>explicitFileType</key>
			<string>wrapper.framework</string>
			<key>includeInIndex</key>
			<string>0</string>
			<key>isa</key>
			<string>PBXFileReference</string>
			<key>path</key>
			<string>Pods_zGitLabUITests.framework</string>
			<key>sourceTree</key>
			<string>BUILT_PRODUCTS_DIR</string>
		</dict>
		<key>8E02906FA19E593071024767</key>
		<dict>
			<key>includeInIndex</key>
			<string>1</string>
			<key>isa</key>
			<string>PBXFileReference</string>
			<key>lastKnownFileType</key>
			<string>text.xcconfig</string>
			<key>name</key>
			<string>Pods-zGitLabUITests.release.xcconfig</string>
			<key>path</key>
			<string>Pods/Target Support Files/Pods-zGitLabUITests/Pods-zGitLabUITests.release.xcconfig</string>
			<key>sourceTree</key>
			<string>&lt;group&gt;</string>
		</dict>
		<key>9E8B829164A0DD4084BF9A28</key>
		<dict>
			<key>buildActionMask</key>
			<string>2147483647</string>
			<key>files</key>
			<array/>
			<key>inputPaths</key>
			<array/>
			<key>isa</key>
			<string>PBXShellScriptBuildPhase</string>
			<key>name</key>
			<string>[CP] Copy Pods Resources</string>
			<key>outputPaths</key>
			<array/>
			<key>runOnlyForDeploymentPostprocessing</key>
			<string>0</string>
			<key>shellPath</key>
			<string>/bin/sh</string>
			<key>shellScript</key>
			<string>"${SRCROOT}/Pods/Target Support Files/Pods-zGitLabTests/Pods-zGitLabTests-resources.sh"
</string>
			<key>showEnvVarsInLog</key>
			<string>0</string>
		</dict>
		<key>BA52FE33942B84A689A01D0E</key>
		<dict>
			<key>includeInIndex</key>
			<string>1</string>
			<key>isa</key>
			<string>PBXFileReference</string>
			<key>lastKnownFileType</key>
			<string>text.xcconfig</string>
			<key>name</key>
			<string>Pods-zGitLabTests.debug.xcconfig</string>
			<key>path</key>
			<string>Pods/Target Support Files/Pods-zGitLabTests/Pods-zGitLabTests.debug.xcconfig</string>
			<key>sourceTree</key>
			<string>&lt;group&gt;</string>
		</dict>
		<key>C1ADF2670FE55AA983B4DCD4</key>
		<dict>
			<key>explicitFileType</key>
			<string>wrapper.framework</string>
			<key>includeInIndex</key>
			<string>0</string>
			<key>isa</key>
			<string>PBXFileReference</string>
			<key>path</key>
			<string>Pods_zGitLab.framework</string>
			<key>sourceTree</key>
			<string>BUILT_PRODUCTS_DIR</string>
		</dict>
		<key>E12C3E5814A6E9B8B2BD6121</key>
		<dict>
			<key>buildActionMask</key>
			<string>2147483647</string>
			<key>files</key>
			<array/>
			<key>inputPaths</key>
			<array/>
			<key>isa</key>
			<string>PBXShellScriptBuildPhase</string>
			<key>name</key>
			<string>[CP] Embed Pods Frameworks</string>
			<key>outputPaths</key>
			<array/>
			<key>runOnlyForDeploymentPostprocessing</key>
			<string>0</string>
			<key>shellPath</key>
			<string>/bin/sh</string>
			<key>shellScript</key>
			<string>"${SRCROOT}/Pods/Target Support Files/Pods-zGitLabTests/Pods-zGitLabTests-frameworks.sh"
</string>
			<key>showEnvVarsInLog</key>
			<string>0</string>
		</dict>
		<key>E607B5CB3CF3C1CC4F77C6DA</key>
		<dict>
			<key>buildActionMask</key>
			<string>2147483647</string>
			<key>files</key>
			<array/>
			<key>inputPaths</key>
			<array/>
			<key>isa</key>
			<string>PBXShellScriptBuildPhase</string>
			<key>name</key>
			<string>[CP] Check Pods Manifest.lock</string>
			<key>outputPaths</key>
			<array/>
			<key>runOnlyForDeploymentPostprocessing</key>
			<string>0</string>
			<key>shellPath</key>
			<string>/bin/sh</string>
			<key>shellScript</key>
			<string>diff "${PODS_ROOT}/../Podfile.lock" "${PODS_ROOT}/Manifest.lock" &gt; /dev/null
if [[ $? != 0 ]] ; then
    cat &lt;&lt; EOM
error: The sandbox is not in sync with the Podfile.lock. Run 'pod install' or update your CocoaPods installation.
EOM
    exit 1
fi
</string>
			<key>showEnvVarsInLog</key>
			<string>0</string>
		</dict>
		<key>EA957265583D164013CFC8EE</key>
		<dict>
			<key>includeInIndex</key>
			<string>1</string>
			<key>isa</key>
			<string>PBXFileReference</string>
			<key>lastKnownFileType</key>
			<string>text.xcconfig</string>
			<key>name</key>
			<string>Pods-zGitLab.debug.xcconfig</string>
			<key>path</key>
			<string>Pods/Target Support Files/Pods-zGitLab/Pods-zGitLab.debug.xcconfig</string>
			<key>sourceTree</key>
			<string>&lt;group&gt;</string>
		</dict>
		<key>FA20772AB0073EE33D47E5B1</key>
		<dict>
			<key>children</key>
			<array>
				<string>EA957265583D164013CFC8EE</string>
				<string>8840D8AABE809D37048642F0</string>
				<string>BA52FE33942B84A689A01D0E</string>
				<string>3C1241AA6FAFC4C6FB3C8C21</string>
				<string>245DFE06AE8AA141FA5DBD8C</string>
				<string>8E02906FA19E593071024767</string>
			</array>
			<key>isa</key>
			<string>PBXGroup</string>
			<key>name</key>
			<string>Pods</string>
			<key>sourceTree</key>
			<string>&lt;group&gt;</string>
		</dict>
	</dict>
	<key>rootObject</key>
	<string>5E1D818E1CB8C76800EF207D</string>
</dict>
</plist>
